// !$*UTF8*$!
{
	archiveVersion = 1;
	classes = {
	};
	objectVersion = 56;
	objects = {

/* Begin PBXBuildFile section */
		B580A3F62C4BEA4400A6C7BA /* InitSwiftUIApp.swift in Sources */ = {isa = PBXBuildFile; fileRef = B580A3F52C4BEA4400A6C7BA /* InitSwiftUIApp.swift */; };
		B580A3F82C4BEA4400A6C7BA /* ContentView.swift in Sources */ = {isa = PBXBuildFile; fileRef = B580A3F72C4BEA4400A6C7BA /* ContentView.swift */; };
		B580A3FA2C4BEA4600A6C7BA /* Assets.xcassets in Resources */ = {isa = PBXBuildFile; fileRef = B580A3F92C4BEA4600A6C7BA /* Assets.xcassets */; };
		B580A3FD2C4BEA4600A6C7BA /* Preview Assets.xcassets in Resources */ = {isa = PBXBuildFile; fileRef = B580A3FC2C4BEA4600A6C7BA /* Preview Assets.xcassets */; };
		B580A4072C4BEA4600A6C7BA /* InitSwiftUITests.swift in Sources */ = {isa = PBXBuildFile; fileRef = B580A4062C4BEA4600A6C7BA /* InitSwiftUITests.swift */; };
		B580A4112C4BEA4600A6C7BA /* InitSwiftUIUITests.swift in Sources */ = {isa = PBXBuildFile; fileRef = B580A4102C4BEA4600A6C7BA /* InitSwiftUIUITests.swift */; };
		B580A4132C4BEA4600A6C7BA /* InitSwiftUIUITestsLaunchTests.swift in Sources */ = {isa = PBXBuildFile; fileRef = B580A4122C4BEA4600A6C7BA /* InitSwiftUIUITestsLaunchTests.swift */; };
		B5F81B712C4C0AE3001845D2 /* loginView.swift in Sources */ = {isa = PBXBuildFile; fileRef = B5F81B702C4C0AE3001845D2 /* loginView.swift */; };
		B5F81B722C4C0AE3001845D2 /* loginView.swift in Sources */ = {isa = PBXBuildFile; fileRef = B5F81B702C4C0AE3001845D2 /* loginView.swift */; };
		B5F81B732C4C0AE3001845D2 /* loginView.swift in Sources */ = {isa = PBXBuildFile; fileRef = B5F81B702C4C0AE3001845D2 /* loginView.swift */; };
/* End PBXBuildFile section */

/* Begin PBXContainerItemProxy section */
		B580A4032C4BEA4600A6C7BA /* PBXContainerItemProxy */ = {
			isa = PBXContainerItemProxy;
			containerPortal = B580A3EA2C4BEA4400A6C7BA /* Project object */;
			proxyType = 1;
			remoteGlobalIDString = B580A3F12C4BEA4400A6C7BA;
			remoteInfo = InitSwiftUI;
		};
		B580A40D2C4BEA4600A6C7BA /* PBXContainerItemProxy */ = {
			isa = PBXContainerItemProxy;
			containerPortal = B580A3EA2C4BEA4400A6C7BA /* Project object */;
			proxyType = 1;
			remoteGlobalIDString = B580A3F12C4BEA4400A6C7BA;
			remoteInfo = InitSwiftUI;
		};
/* End PBXContainerItemProxy section */

/* Begin PBXFileReference section */
		B580A3F22C4BEA4400A6C7BA /* InitSwiftUI.app */ = {isa = PBXFileReference; explicitFileType = wrapper.application; includeInIndex = 0; path = InitSwiftUI.app; sourceTree = BUILT_PRODUCTS_DIR; };
		B580A3F52C4BEA4400A6C7BA /* InitSwiftUIApp.swift */ = {isa = PBXFileReference; lastKnownFileType = sourcecode.swift; path = InitSwiftUIApp.swift; sourceTree = "<group>"; };
		B580A3F72C4BEA4400A6C7BA /* ContentView.swift */ = {isa = PBXFileReference; lastKnownFileType = sourcecode.swift; path = ContentView.swift; sourceTree = "<group>"; };
		B580A3F92C4BEA4600A6C7BA /* Assets.xcassets */ = {isa = PBXFileReference; lastKnownFileType = folder.assetcatalog; path = Assets.xcassets; sourceTree = "<group>"; };
		B580A3FC2C4BEA4600A6C7BA /* Preview Assets.xcassets */ = {isa = PBXFileReference; lastKnownFileType = folder.assetcatalog; path = "Preview Assets.xcassets"; sourceTree = "<group>"; };
		B580A4022C4BEA4600A6C7BA /* InitSwiftUITests.xctest */ = {isa = PBXFileReference; explicitFileType = wrapper.cfbundle; includeInIndex = 0; path = InitSwiftUITests.xctest; sourceTree = BUILT_PRODUCTS_DIR; };
		B580A4062C4BEA4600A6C7BA /* InitSwiftUITests.swift */ = {isa = PBXFileReference; lastKnownFileType = sourcecode.swift; path = InitSwiftUITests.swift; sourceTree = "<group>"; };
		B580A40C2C4BEA4600A6C7BA /* InitSwiftUIUITests.xctest */ = {isa = PBXFileReference; explicitFileType = wrapper.cfbundle; includeInIndex = 0; path = InitSwiftUIUITests.xctest; sourceTree = BUILT_PRODUCTS_DIR; };
		B580A4102C4BEA4600A6C7BA /* InitSwiftUIUITests.swift */ = {isa = PBXFileReference; lastKnownFileType = sourcecode.swift; path = InitSwiftUIUITests.swift; sourceTree = "<group>"; };
		B580A4122C4BEA4600A6C7BA /* InitSwiftUIUITestsLaunchTests.swift */ = {isa = PBXFileReference; lastKnownFileType = sourcecode.swift; path = InitSwiftUIUITestsLaunchTests.swift; sourceTree = "<group>"; };
		B5F81B702C4C0AE3001845D2 /* loginView.swift */ = {isa = PBXFileReference; lastKnownFileType = sourcecode.swift; path = loginView.swift; sourceTree = "<group>"; };
/* End PBXFileReference section */

/* Begin PBXFrameworksBuildPhase section */
		B580A3EF2C4BEA4400A6C7BA /* Frameworks */ = {
			isa = PBXFrameworksBuildPhase;
			buildActionMask = 2147483647;
			files = (
			);
			runOnlyForDeploymentPostprocessing = 0;
		};
		B580A3FF2C4BEA4600A6C7BA /* Frameworks */ = {
			isa = PBXFrameworksBuildPhase;
			buildActionMask = 2147483647;
			files = (
			);
			runOnlyForDeploymentPostprocessing = 0;
		};
		B580A4092C4BEA4600A6C7BA /* Frameworks */ = {
			isa = PBXFrameworksBuildPhase;
			buildActionMask = 2147483647;
			files = (
			);
			runOnlyForDeploymentPostprocessing = 0;
		};
/* End PBXFrameworksBuildPhase section */

/* Begin PBXGroup section */
		B580A3E92C4BEA4400A6C7BA = {
			isa = PBXGroup;
			children = (
				B580A3F42C4BEA4400A6C7BA /* InitSwiftUI */,
				B580A4052C4BEA4600A6C7BA /* InitSwiftUITests */,
				B580A40F2C4BEA4600A6C7BA /* InitSwiftUIUITests */,
				B580A3F32C4BEA4400A6C7BA /* Products */,
			);
			sourceTree = "<group>";
		};
		B580A3F32C4BEA4400A6C7BA /* Products */ = {
			isa = PBXGroup;
			children = (
				B580A3F22C4BEA4400A6C7BA /* InitSwiftUI.app */,
				B580A4022C4BEA4600A6C7BA /* InitSwiftUITests.xctest */,
				B580A40C2C4BEA4600A6C7BA /* InitSwiftUIUITests.xctest */,
			);
			name = Products;
			sourceTree = "<group>";
		};
		B580A3F42C4BEA4400A6C7BA /* InitSwiftUI */ = {
			isa = PBXGroup;
			children = (
				B5F81B6F2C4C0ABF001845D2 /* screen */,
				B580A3F52C4BEA4400A6C7BA /* InitSwiftUIApp.swift */,
				B580A3F72C4BEA4400A6C7BA /* ContentView.swift */,
				B580A3F92C4BEA4600A6C7BA /* Assets.xcassets */,
				B580A3FB2C4BEA4600A6C7BA /* Preview Content */,
			);
			path = InitSwiftUI;
			sourceTree = "<group>";
		};
		B580A3FB2C4BEA4600A6C7BA /* Preview Content */ = {
			isa = PBXGroup;
			children = (
				B580A3FC2C4BEA4600A6C7BA /* Preview Assets.xcassets */,
			);
			path = "Preview Content";
			sourceTree = "<group>";
		};
		B580A4052C4BEA4600A6C7BA /* InitSwiftUITests */ = {
			isa = PBXGroup;
			children = (
				B580A4062C4BEA4600A6C7BA /* InitSwiftUITests.swift */,
			);
			path = InitSwiftUITests;
			sourceTree = "<group>";
		};
		B580A40F2C4BEA4600A6C7BA /* InitSwiftUIUITests */ = {
			isa = PBXGroup;
			children = (
				B580A4102C4BEA4600A6C7BA /* InitSwiftUIUITests.swift */,
				B580A4122C4BEA4600A6C7BA /* InitSwiftUIUITestsLaunchTests.swift */,
			);
			path = InitSwiftUIUITests;
			sourceTree = "<group>";
		};
		B5F81B6F2C4C0ABF001845D2 /* screen */ = {
			isa = PBXGroup;
			children = (
				B5F81B702C4C0AE3001845D2 /* loginView.swift */,
			);
			path = screen;
			sourceTree = "<group>";
		};
/* End PBXGroup section */

/* Begin PBXNativeTarget section */
		B580A3F12C4BEA4400A6C7BA /* InitSwiftUI */ = {
			isa = PBXNativeTarget;
			buildConfigurationList = B580A4162C4BEA4600A6C7BA /* Build configuration list for PBXNativeTarget "InitSwiftUI" */;
			buildPhases = (
				B580A3EE2C4BEA4400A6C7BA /* Sources */,
				B580A3EF2C4BEA4400A6C7BA /* Frameworks */,
				B580A3F02C4BEA4400A6C7BA /* Resources */,
			);
			buildRules = (
			);
			dependencies = (
			);
			name = InitSwiftUI;
			productName = InitSwiftUI;
			productReference = B580A3F22C4BEA4400A6C7BA /* InitSwiftUI.app */;
			productType = "com.apple.product-type.application";
		};
		B580A4012C4BEA4600A6C7BA /* InitSwiftUITests */ = {
			isa = PBXNativeTarget;
			buildConfigurationList = B580A4192C4BEA4600A6C7BA /* Build configuration list for PBXNativeTarget "InitSwiftUITests" */;
			buildPhases = (
				B580A3FE2C4BEA4600A6C7BA /* Sources */,
				B580A3FF2C4BEA4600A6C7BA /* Frameworks */,
				B580A4002C4BEA4600A6C7BA /* Resources */,
			);
			buildRules = (
			);
			dependencies = (
				B580A4042C4BEA4600A6C7BA /* PBXTargetDependency */,
			);
			name = InitSwiftUITests;
			productName = InitSwiftUITests;
			productReference = B580A4022C4BEA4600A6C7BA /* InitSwiftUITests.xctest */;
			productType = "com.apple.product-type.bundle.unit-test";
		};
		B580A40B2C4BEA4600A6C7BA /* InitSwiftUIUITests */ = {
			isa = PBXNativeTarget;
			buildConfigurationList = B580A41C2C4BEA4600A6C7BA /* Build configuration list for PBXNativeTarget "InitSwiftUIUITests" */;
			buildPhases = (
				B580A4082C4BEA4600A6C7BA /* Sources */,
				B580A4092C4BEA4600A6C7BA /* Frameworks */,
				B580A40A2C4BEA4600A6C7BA /* Resources */,
			);
			buildRules = (
			);
			dependencies = (
				B580A40E2C4BEA4600A6C7BA /* PBXTargetDependency */,
			);
			name = InitSwiftUIUITests;
			productName = InitSwiftUIUITests;
			productReference = B580A40C2C4BEA4600A6C7BA /* InitSwiftUIUITests.xctest */;
			productType = "com.apple.product-type.bundle.ui-testing";
		};
/* End PBXNativeTarget section */

/* Begin PBXProject section */
		B580A3EA2C4BEA4400A6C7BA /* Project object */ = {
			isa = PBXProject;
			attributes = {
				BuildIndependentTargetsInParallel = 1;
				LastSwiftUpdateCheck = 1540;
				LastUpgradeCheck = 1540;
				TargetAttributes = {
					B580A3F12C4BEA4400A6C7BA = {
						CreatedOnToolsVersion = 15.4;
					};
					B580A4012C4BEA4600A6C7BA = {
						CreatedOnToolsVersion = 15.4;
						TestTargetID = B580A3F12C4BEA4400A6C7BA;
					};
					B580A40B2C4BEA4600A6C7BA = {
						CreatedOnToolsVersion = 15.4;
						TestTargetID = B580A3F12C4BEA4400A6C7BA;
					};
				};
			};
			buildConfigurationList = B580A3ED2C4BEA4400A6C7BA /* Build configuration list for PBXProject "InitSwiftUI" */;
			compatibilityVersion = "Xcode 14.0";
			developmentRegion = en;
			hasScannedForEncodings = 0;
			knownRegions = (
				en,
				Base,
			);
			mainGroup = B580A3E92C4BEA4400A6C7BA;
			productRefGroup = B580A3F32C4BEA4400A6C7BA /* Products */;
			projectDirPath = "";
			projectRoot = "";
			targets = (
				B580A3F12C4BEA4400A6C7BA /* InitSwiftUI */,
				B580A4012C4BEA4600A6C7BA /* InitSwiftUITests */,
				B580A40B2C4BEA4600A6C7BA /* InitSwiftUIUITests */,
			);
		};
/* End PBXProject section */

/* Begin PBXResourcesBuildPhase section */
		B580A3F02C4BEA4400A6C7BA /* Resources */ = {
			isa = PBXResourcesBuildPhase;
			buildActionMask = 2147483647;
			files = (
				B580A3FD2C4BEA4600A6C7BA /* Preview Assets.xcassets in Resources */,
				B580A3FA2C4BEA4600A6C7BA /* Assets.xcassets in Resources */,
			);
			runOnlyForDeploymentPostprocessing = 0;
		};
		B580A4002C4BEA4600A6C7BA /* Resources */ = {
			isa = PBXResourcesBuildPhase;
			buildActionMask = 2147483647;
			files = (
			);
			runOnlyForDeploymentPostprocessing = 0;
		};
		B580A40A2C4BEA4600A6C7BA /* Resources */ = {
			isa = PBXResourcesBuildPhase;
			buildActionMask = 2147483647;
			files = (
			);
			runOnlyForDeploymentPostprocessing = 0;
		};
/* End PBXResourcesBuildPhase section */

/* Begin PBXSourcesBuildPhase section */
		B580A3EE2C4BEA4400A6C7BA /* Sources */ = {
			isa = PBXSourcesBuildPhase;
			buildActionMask = 2147483647;
			files = (
				B580A3F82C4BEA4400A6C7BA /* ContentView.swift in Sources */,
				B5F81B712C4C0AE3001845D2 /* loginView.swift in Sources */,
				B580A3F62C4BEA4400A6C7BA /* InitSwiftUIApp.swift in Sources */,
			);
			runOnlyForDeploymentPostprocessing = 0;
		};
		B580A3FE2C4BEA4600A6C7BA /* Sources */ = {
			isa = PBXSourcesBuildPhase;
			buildActionMask = 2147483647;
			files = (
				B5F81B722C4C0AE3001845D2 /* loginView.swift in Sources */,
				B580A4072C4BEA4600A6C7BA /* InitSwiftUITests.swift in Sources */,
			);
			runOnlyForDeploymentPostprocessing = 0;
		};
		B580A4082C4BEA4600A6C7BA /* Sources */ = {
			isa = PBXSourcesBuildPhase;
			buildActionMask = 2147483647;
			files = (
				B580A4132C4BEA4600A6C7BA /* InitSwiftUIUITestsLaunchTests.swift in Sources */,
				B5F81B732C4C0AE3001845D2 /* loginView.swift in Sources */,
				B580A4112C4BEA4600A6C7BA /* InitSwiftUIUITests.swift in Sources */,
			);
			runOnlyForDeploymentPostprocessing = 0;
		};
/* End PBXSourcesBuildPhase section */

/* Begin PBXTargetDependency section */
		B580A4042C4BEA4600A6C7BA /* PBXTargetDependency */ = {
			isa = PBXTargetDependency;
			target = B580A3F12C4BEA4400A6C7BA /* InitSwiftUI */;
			targetProxy = B580A4032C4BEA4600A6C7BA /* PBXContainerItemProxy */;
		};
		B580A40E2C4BEA4600A6C7BA /* PBXTargetDependency */ = {
			isa = PBXTargetDependency;
			target = B580A3F12C4BEA4400A6C7BA /* InitSwiftUI */;
			targetProxy = B580A40D2C4BEA4600A6C7BA /* PBXContainerItemProxy */;
		};
/* End PBXTargetDependency section */

/* Begin XCBuildConfiguration section */
		B580A4142C4BEA4600A6C7BA /* Debug */ = {
			isa = XCBuildConfiguration;
			buildSettings = {
				ALWAYS_SEARCH_USER_PATHS = NO;
				ASSETCATALOG_COMPILER_GENERATE_SWIFT_ASSET_SYMBOL_EXTENSIONS = YES;
				CLANG_ANALYZER_NONNULL = YES;
				CLANG_ANALYZER_NUMBER_OBJECT_CONVERSION = YES_AGGRESSIVE;
				CLANG_CXX_LANGUAGE_STANDARD = "gnu++20";
				CLANG_ENABLE_MODULES = YES;
				CLANG_ENABLE_OBJC_ARC = YES;
				CLANG_ENABLE_OBJC_WEAK = YES;
				CLANG_WARN_BLOCK_CAPTURE_AUTORELEASING = YES;
				CLANG_WARN_BOOL_CONVERSION = YES;
				CLANG_WARN_COMMA = YES;
				CLANG_WARN_CONSTANT_CONVERSION = YES;
				CLANG_WARN_DEPRECATED_OBJC_IMPLEMENTATIONS = YES;
				CLANG_WARN_DIRECT_OBJC_ISA_USAGE = YES_ERROR;
				CLANG_WARN_DOCUMENTATION_COMMENTS = YES;
				CLANG_WARN_EMPTY_BODY = YES;
				CLANG_WARN_ENUM_CONVERSION = YES;
				CLANG_WARN_INFINITE_RECURSION = YES;
				CLANG_WARN_INT_CONVERSION = YES;
				CLANG_WARN_NON_LITERAL_NULL_CONVERSION = YES;
				CLANG_WARN_OBJC_IMPLICIT_RETAIN_SELF = YES;
				CLANG_WARN_OBJC_LITERAL_CONVERSION = YES;
				CLANG_WARN_OBJC_ROOT_CLASS = YES_ERROR;
				CLANG_WARN_QUOTED_INCLUDE_IN_FRAMEWORK_HEADER = YES;
				CLANG_WARN_RANGE_LOOP_ANALYSIS = YES;
				CLANG_WARN_STRICT_PROTOTYPES = YES;
				CLANG_WARN_SUSPICIOUS_MOVE = YES;
				CLANG_WARN_UNGUARDED_AVAILABILITY = YES_AGGRESSIVE;
				CLANG_WARN_UNREACHABLE_CODE = YES;
				CLANG_WARN__DUPLICATE_METHOD_MATCH = YES;
				COPY_PHASE_STRIP = NO;
				DEBUG_INFORMATION_FORMAT = dwarf;
				ENABLE_STRICT_OBJC_MSGSEND = YES;
				ENABLE_TESTABILITY = YES;
				ENABLE_USER_SCRIPT_SANDBOXING = YES;
				GCC_C_LANGUAGE_STANDARD = gnu17;
				GCC_DYNAMIC_NO_PIC = NO;
				GCC_NO_COMMON_BLOCKS = YES;
				GCC_OPTIMIZATION_LEVEL = 0;
				GCC_PREPROCESSOR_DEFINITIONS = (
					"DEBUG=1",
					"$(inherited)",
				);
				GCC_WARN_64_TO_32_BIT_CONVERSION = YES;
				GCC_WARN_ABOUT_RETURN_TYPE = YES_ERROR;
				GCC_WARN_UNDECLARED_SELECTOR = YES;
				GCC_WARN_UNINITIALIZED_AUTOS = YES_AGGRESSIVE;
				GCC_WARN_UNUSED_FUNCTION = YES;
				GCC_WARN_UNUSED_VARIABLE = YES;
				IPHONEOS_DEPLOYMENT_TARGET = 17.5;
				LOCALIZATION_PREFERS_STRING_CATALOGS = YES;
				MTL_ENABLE_DEBUG_INFO = INCLUDE_SOURCE;
				MTL_FAST_MATH = YES;
				ONLY_ACTIVE_ARCH = YES;
				SDKROOT = iphoneos;
				SWIFT_ACTIVE_COMPILATION_CONDITIONS = "DEBUG $(inherited)";
				SWIFT_OPTIMIZATION_LEVEL = "-Onone";
			};
			name = Debug;
		};
		B580A4152C4BEA4600A6C7BA /* Release */ = {
			isa = XCBuildConfiguration;
			buildSettings = {
				ALWAYS_SEARCH_USER_PATHS = NO;
				ASSETCATALOG_COMPILER_GENERATE_SWIFT_ASSET_SYMBOL_EXTENSIONS = YES;
				CLANG_ANALYZER_NONNULL = YES;
				CLANG_ANALYZER_NUMBER_OBJECT_CONVERSION = YES_AGGRESSIVE;
				CLANG_CXX_LANGUAGE_STANDARD = "gnu++20";
				CLANG_ENABLE_MODULES = YES;
				CLANG_ENABLE_OBJC_ARC = YES;
				CLANG_ENABLE_OBJC_WEAK = YES;
				CLANG_WARN_BLOCK_CAPTURE_AUTORELEASING = YES;
				CLANG_WARN_BOOL_CONVERSION = YES;
				CLANG_WARN_COMMA = YES;
				CLANG_WARN_CONSTANT_CONVERSION = YES;
				CLANG_WARN_DEPRECATED_OBJC_IMPLEMENTATIONS = YES;
				CLANG_WARN_DIRECT_OBJC_ISA_USAGE = YES_ERROR;
				CLANG_WARN_DOCUMENTATION_COMMENTS = YES;
				CLANG_WARN_EMPTY_BODY = YES;
				CLANG_WARN_ENUM_CONVERSION = YES;
				CLANG_WARN_INFINITE_RECURSION = YES;
				CLANG_WARN_INT_CONVERSION = YES;
				CLANG_WARN_NON_LITERAL_NULL_CONVERSION = YES;
				CLANG_WARN_OBJC_IMPLICIT_RETAIN_SELF = YES;
				CLANG_WARN_OBJC_LITERAL_CONVERSION = YES;
				CLANG_WARN_OBJC_ROOT_CLASS = YES_ERROR;
				CLANG_WARN_QUOTED_INCLUDE_IN_FRAMEWORK_HEADER = YES;
				CLANG_WARN_RANGE_LOOP_ANALYSIS = YES;
				CLANG_WARN_STRICT_PROTOTYPES = YES;
				CLANG_WARN_SUSPICIOUS_MOVE = YES;
				CLANG_WARN_UNGUARDED_AVAILABILITY = YES_AGGRESSIVE;
				CLANG_WARN_UNREACHABLE_CODE = YES;
				CLANG_WARN__DUPLICATE_METHOD_MATCH = YES;
				COPY_PHASE_STRIP = NO;
				DEBUG_INFORMATION_FORMAT = "dwarf-with-dsym";
				ENABLE_NS_ASSERTIONS = NO;
				ENABLE_STRICT_OBJC_MSGSEND = YES;
				ENABLE_USER_SCRIPT_SANDBOXING = YES;
				GCC_C_LANGUAGE_STANDARD = gnu17;
				GCC_NO_COMMON_BLOCKS = YES;
				GCC_WARN_64_TO_32_BIT_CONVERSION = YES;
				GCC_WARN_ABOUT_RETURN_TYPE = YES_ERROR;
				GCC_WARN_UNDECLARED_SELECTOR = YES;
				GCC_WARN_UNINITIALIZED_AUTOS = YES_AGGRESSIVE;
				GCC_WARN_UNUSED_FUNCTION = YES;
				GCC_WARN_UNUSED_VARIABLE = YES;
				IPHONEOS_DEPLOYMENT_TARGET = 17.5;
				LOCALIZATION_PREFERS_STRING_CATALOGS = YES;
				MTL_ENABLE_DEBUG_INFO = NO;
				MTL_FAST_MATH = YES;
				SDKROOT = iphoneos;
				SWIFT_COMPILATION_MODE = wholemodule;
				VALIDATE_PRODUCT = YES;
			};
			name = Release;
		};
		B580A4172C4BEA4600A6C7BA /* Debug */ = {
			isa = XCBuildConfiguration;
			buildSettings = {
				ASSETCATALOG_COMPILER_APPICON_NAME = AppIcon;
				ASSETCATALOG_COMPILER_GLOBAL_ACCENT_COLOR_NAME = AccentColor;
				CODE_SIGN_STYLE = Automatic;
				CURRENT_PROJECT_VERSION = 1;
				DEVELOPMENT_ASSET_PATHS = "\"InitSwiftUI/Preview Content\"";
				DEVELOPMENT_TEAM = GZGZL5S8HF;
				ENABLE_PREVIEWS = YES;
				GENERATE_INFOPLIST_FILE = YES;
				INFOPLIST_KEY_UIApplicationSceneManifest_Generation = YES;
				INFOPLIST_KEY_UIApplicationSupportsIndirectInputEvents = YES;
				INFOPLIST_KEY_UILaunchScreen_Generation = YES;
				INFOPLIST_KEY_UISupportedInterfaceOrientations_iPad = "UIInterfaceOrientationPortrait UIInterfaceOrientationPortraitUpsideDown UIInterfaceOrientationLandscapeLeft UIInterfaceOrientationLandscapeRight";
				INFOPLIST_KEY_UISupportedInterfaceOrientations_iPhone = "UIInterfaceOrientationPortrait UIInterfaceOrientationLandscapeLeft UIInterfaceOrientationLandscapeRight";
				LD_RUNPATH_SEARCH_PATHS = (
					"$(inherited)",
					"@executable_path/Frameworks",
				);
				MARKETING_VERSION = 1.0;
				PRODUCT_BUNDLE_IDENTIFIER = sn.hyperlink.InitSwiftUI;
				PRODUCT_NAME = "$(TARGET_NAME)";
				SWIFT_EMIT_LOC_STRINGS = YES;
				SWIFT_VERSION = 5.0;
				TARGETED_DEVICE_FAMILY = "1,2";
			};
			name = Debug;
		};
		B580A4182C4BEA4600A6C7BA /* Release */ = {
			isa = XCBuildConfiguration;
			buildSettings = {
				ASSETCATALOG_COMPILER_APPICON_NAME = AppIcon;
				ASSETCATALOG_COMPILER_GLOBAL_ACCENT_COLOR_NAME = AccentColor;
				CODE_SIGN_STYLE = Automatic;
				CURRENT_PROJECT_VERSION = 1;
				DEVELOPMENT_ASSET_PATHS = "\"InitSwiftUI/Preview Content\"";
				DEVELOPMENT_TEAM = GZGZL5S8HF;
				ENABLE_PREVIEWS = YES;
				GENERATE_INFOPLIST_FILE = YES;
				INFOPLIST_KEY_UIApplicationSceneManifest_Generation = YES;
				INFOPLIST_KEY_UIApplicationSupportsIndirectInputEvents = YES;
				INFOPLIST_KEY_UILaunchScreen_Generation = YES;
				INFOPLIST_KEY_UISupportedInterfaceOrientations_iPad = "UIInterfaceOrientationPortrait UIInterfaceOrientationPortraitUpsideDown UIInterfaceOrientationLandscapeLeft UIInterfaceOrientationLandscapeRight";
				INFOPLIST_KEY_UISupportedInterfaceOrientations_iPhone = "UIInterfaceOrientationPortrait UIInterfaceOrientationLandscapeLeft UIInterfaceOrientationLandscapeRight";
				LD_RUNPATH_SEARCH_PATHS = (
					"$(inherited)",
					"@executable_path/Frameworks",
				);
				MARKETING_VERSION = 1.0;
				PRODUCT_BUNDLE_IDENTIFIER = sn.hyperlink.InitSwiftUI;
				PRODUCT_NAME = "$(TARGET_NAME)";
				SWIFT_EMIT_LOC_STRINGS = YES;
				SWIFT_VERSION = 5.0;
				TARGETED_DEVICE_FAMILY = "1,2";
			};
			name = Release;
		};
		B580A41A2C4BEA4600A6C7BA /* Debug */ = {
			isa = XCBuildConfiguration;
			buildSettings = {
				ALWAYS_EMBED_SWIFT_STANDARD_LIBRARIES = YES;
				BUNDLE_LOADER = "$(TEST_HOST)";
				CODE_SIGN_STYLE = Automatic;
				CURRENT_PROJECT_VERSION = 1;
				DEVELOPMENT_TEAM = GZGZL5S8HF;
				GENERATE_INFOPLIST_FILE = YES;
				IPHONEOS_DEPLOYMENT_TARGET = 17.5;
				MARKETING_VERSION = 1.0;
				PRODUCT_BUNDLE_IDENTIFIER = sn.hyperlink.InitSwiftUITests;
				PRODUCT_NAME = "$(TARGET_NAME)";
				SWIFT_EMIT_LOC_STRINGS = NO;
				SWIFT_VERSION = 5.0;
				TARGETED_DEVICE_FAMILY = "1,2";
				TEST_HOST = "$(BUILT_PRODUCTS_DIR)/InitSwiftUI.app/$(BUNDLE_EXECUTABLE_FOLDER_PATH)/InitSwiftUI";
			};
			name = Debug;
		};
		B580A41B2C4BEA4600A6C7BA /* Release */ = {
			isa = XCBuildConfiguration;
			buildSettings = {
				ALWAYS_EMBED_SWIFT_STANDARD_LIBRARIES = YES;
				BUNDLE_LOADER = "$(TEST_HOST)";
				CODE_SIGN_STYLE = Automatic;
				CURRENT_PROJECT_VERSION = 1;
				DEVELOPMENT_TEAM = GZGZL5S8HF;
				GENERATE_INFOPLIST_FILE = YES;
				IPHONEOS_DEPLOYMENT_TARGET = 17.5;
				MARKETING_VERSION = 1.0;
				PRODUCT_BUNDLE_IDENTIFIER = sn.hyperlink.InitSwiftUITests;
				PRODUCT_NAME = "$(TARGET_NAME)";
				SWIFT_EMIT_LOC_STRINGS = NO;
				SWIFT_VERSION = 5.0;
				TARGETED_DEVICE_FAMILY = "1,2";
				TEST_HOST = "$(BUILT_PRODUCTS_DIR)/InitSwiftUI.app/$(BUNDLE_EXECUTABLE_FOLDER_PATH)/InitSwiftUI";
			};
			name = Release;
		};
		B580A41D2C4BEA4600A6C7BA /* Debug */ = {
			isa = XCBuildConfiguration;
			buildSettings = {
				ALWAYS_EMBED_SWIFT_STANDARD_LIBRARIES = YES;
				CODE_SIGN_STYLE = Automatic;
				CURRENT_PROJECT_VERSION = 1;
				DEVELOPMENT_TEAM = GZGZL5S8HF;
				GENERATE_INFOPLIST_FILE = YES;
				MARKETING_VERSION = 1.0;
				PRODUCT_BUNDLE_IDENTIFIER = sn.hyperlink.InitSwiftUIUITests;
				PRODUCT_NAME = "$(TARGET_NAME)";
				SWIFT_EMIT_LOC_STRINGS = NO;
				SWIFT_VERSION = 5.0;
				TARGETED_DEVICE_FAMILY = "1,2";
				TEST_TARGET_NAME = InitSwiftUI;
			};
			name = Debug;
		};
		B580A41E2C4BEA4600A6C7BA /* Release */ = {
			isa = XCBuildConfiguration;
			buildSettings = {
				ALWAYS_EMBED_SWIFT_STANDARD_LIBRARIES = YES;
				CODE_SIGN_STYLE = Automatic;
				CURRENT_PROJECT_VERSION = 1;
				DEVELOPMENT_TEAM = GZGZL5S8HF;
				GENERATE_INFOPLIST_FILE = YES;
				MARKETING_VERSION = 1.0;
				PRODUCT_BUNDLE_IDENTIFIER = sn.hyperlink.InitSwiftUIUITests;
				PRODUCT_NAME = "$(TARGET_NAME)";
				SWIFT_EMIT_LOC_STRINGS = NO;
				SWIFT_VERSION = 5.0;
				TARGETED_DEVICE_FAMILY = "1,2";
				TEST_TARGET_NAME = InitSwiftUI;
			};
			name = Release;
		};
/* End XCBuildConfiguration section */

/* Begin XCConfigurationList section */
		B580A3ED2C4BEA4400A6C7BA /* Build configuration list for PBXProject "InitSwiftUI" */ = {
			isa = XCConfigurationList;
			buildConfigurations = (
				B580A4142C4BEA4600A6C7BA /* Debug */,
				B580A4152C4BEA4600A6C7BA /* Release */,
			);
			defaultConfigurationIsVisible = 0;
			defaultConfigurationName = Release;
		};
		B580A4162C4BEA4600A6C7BA /* Build configuration list for PBXNativeTarget "InitSwiftUI" */ = {
			isa = XCConfigurationList;
			buildConfigurations = (
				B580A4172C4BEA4600A6C7BA /* Debug */,
				B580A4182C4BEA4600A6C7BA /* Release */,
			);
			defaultConfigurationIsVisible = 0;
			defaultConfigurationName = Release;
		};
		B580A4192C4BEA4600A6C7BA /* Build configuration list for PBXNativeTarget "InitSwiftUITests" */ = {
			isa = XCConfigurationList;
			buildConfigurations = (
				B580A41A2C4BEA4600A6C7BA /* Debug */,
				B580A41B2C4BEA4600A6C7BA /* Release */,
			);
			defaultConfigurationIsVisible = 0;
			defaultConfigurationName = Release;
		};
		B580A41C2C4BEA4600A6C7BA /* Build configuration list for PBXNativeTarget "InitSwiftUIUITests" */ = {
			isa = XCConfigurationList;
			buildConfigurations = (
				B580A41D2C4BEA4600A6C7BA /* Debug */,
				B580A41E2C4BEA4600A6C7BA /* Release */,
			);
			defaultConfigurationIsVisible = 0;
			defaultConfigurationName = Release;
		};
/* End XCConfigurationList section */
	};
	rootObject = B580A3EA2C4BEA4400A6C7BA /* Project object */;
}
